
Microsoft Visual Studio Solution File, Format Version 12.00
# Visual Studio Version 16
VisualStudioVersion = 16.0.29326.143
MinimumVisualStudioVersion = 10.0.40219.1
Project("{9A19103F-16F7-4668-BE54-9A1E7A4F7556}") = "ScriptRunner", "scriptrunner\ScriptRunner.csproj", "{63C68F2F-82BC-43A6-A3DB-7BC4488E439A}"
EndProject
Global
	GlobalSection(SolutionConfigurationPlatforms) = preSolution
		Debug|Any CPU = Debug|Any CPU
		Release|Any CPU = Release|Any CPU
	EndGlobalSection
	GlobalSection(ProjectConfigurationPlatforms) = postSolution
		{63C68F2F-82BC-43A6-A3DB-7BC4488E439A}.Debug|Any CPU.ActiveCfg = Debug|Any CPU
		{63C68F2F-82BC-43A6-A3DB-7BC4488E439A}.Debug|Any CPU.Build.0 = Debug|Any CPU
		{63C68F2F-82BC-43A6-A3DB-7BC4488E439A}.Release|Any CPU.ActiveCfg = Release|Any CPU
		{63C68F2F-82BC-43A6-A3DB-7BC4488E439A}.Release|Any CPU.Build.0 = Release|Any CPU
	EndGlobalSection
	GlobalSection(SolutionProperties) = preSolution
		HideSolutionNode = FALSE
	EndGlobalSection
	GlobalSection(ExtensibilityGlobals) = postSolution
		SolutionGuid = {0BC15D19-3B69-41A1-A3EF-2E3D91C57553}
	EndGlobalSection
EndGlobal
